
Microsoft Visual Studio Solution File, Format Version 12.00
# Visual Studio 2013
VisualStudioVersion = 12.0.21005.1
MinimumVisualStudioVersion = 10.0.40219.1
Project("{8BC9CEB8-8B4A-11D0-8D11-00A0C91BC942}") = "bitwise_ops", "bitwise_ops\bitwise_ops.vcxproj", "{D88F58F1-2BA0-4A69-9A57-06D5374E47CF}"
EndProject
Global
	GlobalSection(SolutionConfigurationPlatforms) = preSolution
		Debug|Win32 = Debug|Win32
		Release|Win32 = Release|Win32
	EndGlobalSection
	GlobalSection(ProjectConfigurationPlatforms) = postSolution
		{D88F58F1-2BA0-4A69-9A57-06D5374E47CF}.Debug|Win32.ActiveCfg = Debug|Win32
		{D88F58F1-2BA0-4A69-9A57-06D5374E47CF}.Debug|Win32.Build.0 = Debug|Win32
		{D88F58F1-2BA0-4A69-9A57-06D5374E47CF}.Release|Win32.ActiveCfg = Release|Win32
		{D88F58F1-2BA0-4A69-9A57-06D5374E47CF}.Release|Win32.Build.0 = Release|Win32
	EndGlobalSection
	GlobalSection(SolutionProperties) = preSolution
		HideSolutionNode = FALSE
	EndGlobalSection
EndGlobal
