
Microsoft Visual Studio Solution File, Format Version 12.00
# Visual Studio 2013
VisualStudioVersion = 12.0.21005.1
MinimumVisualStudioVersion = 10.0.40219.1
Project("{8BC9CEB8-8B4A-11D0-8D11-00A0C91BC942}") = "fileIO", "fileIO\fileIO.vcxproj", "{9302B222-8B02-4A2C-ACFE-23F04D27CC5D}"
EndProject
Global
	GlobalSection(SolutionConfigurationPlatforms) = preSolution
		Debug|Win32 = Debug|Win32
		Release|Win32 = Release|Win32
	EndGlobalSection
	GlobalSection(ProjectConfigurationPlatforms) = postSolution
		{9302B222-8B02-4A2C-ACFE-23F04D27CC5D}.Debug|Win32.ActiveCfg = Debug|Win32
		{9302B222-8B02-4A2C-ACFE-23F04D27CC5D}.Debug|Win32.Build.0 = Debug|Win32
		{9302B222-8B02-4A2C-ACFE-23F04D27CC5D}.Release|Win32.ActiveCfg = Release|Win32
		{9302B222-8B02-4A2C-ACFE-23F04D27CC5D}.Release|Win32.Build.0 = Release|Win32
	EndGlobalSection
	GlobalSection(SolutionProperties) = preSolution
		HideSolutionNode = FALSE
	EndGlobalSection
EndGlobal
