
Microsoft Visual Studio Solution File, Format Version 12.00
# Visual Studio 2013
VisualStudioVersion = 12.0.21005.1
MinimumVisualStudioVersion = 10.0.40219.1
Project("{8BC9CEB8-8B4A-11D0-8D11-00A0C91BC942}") = "5.1.8", "5.1.8\5.1.8.vcxproj", "{EE45AA40-CA0F-4497-AE73-CC5AC2F601F0}"
EndProject
Global
	GlobalSection(SolutionConfigurationPlatforms) = preSolution
		Debug|Win32 = Debug|Win32
		Release|Win32 = Release|Win32
	EndGlobalSection
	GlobalSection(ProjectConfigurationPlatforms) = postSolution
		{EE45AA40-CA0F-4497-AE73-CC5AC2F601F0}.Debug|Win32.ActiveCfg = Debug|Win32
		{EE45AA40-CA0F-4497-AE73-CC5AC2F601F0}.Debug|Win32.Build.0 = Debug|Win32
		{EE45AA40-CA0F-4497-AE73-CC5AC2F601F0}.Release|Win32.ActiveCfg = Release|Win32
		{EE45AA40-CA0F-4497-AE73-CC5AC2F601F0}.Release|Win32.Build.0 = Release|Win32
	EndGlobalSection
	GlobalSection(SolutionProperties) = preSolution
		HideSolutionNode = FALSE
	EndGlobalSection
EndGlobal
