
Microsoft Visual Studio Solution File, Format Version 12.00
# Visual Studio 2013
VisualStudioVersion = 12.0.21005.1
MinimumVisualStudioVersion = 10.0.40219.1
Project("{8BC9CEB8-8B4A-11D0-8D11-00A0C91BC942}") = "4.1.4", "4.1.4\4.1.4.vcxproj", "{BD2F8462-8AE1-4338-AF40-14D3BE438DF8}"
EndProject
Global
	GlobalSection(SolutionConfigurationPlatforms) = preSolution
		Debug|Win32 = Debug|Win32
		Release|Win32 = Release|Win32
	EndGlobalSection
	GlobalSection(ProjectConfigurationPlatforms) = postSolution
		{BD2F8462-8AE1-4338-AF40-14D3BE438DF8}.Debug|Win32.ActiveCfg = Debug|Win32
		{BD2F8462-8AE1-4338-AF40-14D3BE438DF8}.Debug|Win32.Build.0 = Debug|Win32
		{BD2F8462-8AE1-4338-AF40-14D3BE438DF8}.Release|Win32.ActiveCfg = Release|Win32
		{BD2F8462-8AE1-4338-AF40-14D3BE438DF8}.Release|Win32.Build.0 = Release|Win32
	EndGlobalSection
	GlobalSection(SolutionProperties) = preSolution
		HideSolutionNode = FALSE
	EndGlobalSection
EndGlobal
